
Microsoft Visual Studio Solution File, Format Version 12.00
# Visual Studio Version 16
VisualStudioVersion = 16.0.32802.440
MinimumVisualStudioVersion = 10.0.40219.1
Project("{9A19103F-16F7-4668-BE54-9A1E7A4F7556}") = "APIGateway", "APIGateway\APIGateway.csproj", "{A24A10D4-79F8-4907-8F44-4C47AD5971D5}"
EndProject
Project("{2150E333-8FDC-42A3-9474-1A3956D46DE8}") = "Services", "Services", "{B2477F9E-3915-486B-98E4-6339D4BFD13D}"
EndProject
Project("{9A19103F-16F7-4668-BE54-9A1E7A4F7556}") = "Contact.API", "Services\ContactAPI\Contact.API\Contact.API.csproj", "{1B75B10E-17B8-44AD-A685-F9F00D4C2537}"
EndProject
Project("{9A19103F-16F7-4668-BE54-9A1E7A4F7556}") = "Reservation.API", "Services\RestAPI\Reservation.API\Reservation.API.csproj", "{B7517365-C145-4CB6-A67D-A80C6E0C9767}"
EndProject
Project("{2150E333-8FDC-42A3-9474-1A3956D46DE8}") = "ContactAPI", "ContactAPI", "{DC09A00C-7DA7-49FD-BC8E-90D88235D35D}"
EndProject
Project("{2150E333-8FDC-42A3-9474-1A3956D46DE8}") = "ReservationAPI", "ReservationAPI", "{143A57C6-B42D-4512-BF94-95714F8599E3}"
EndProject
Project("{FAE04EC0-301F-11D3-BF4B-00C04F79EFBC}") = "Contact.API.Infrastructure", "Services\ContactAPI\Contact.API.Infrastructure\Contact.API.Infrastructure.csproj", "{C33E5AEC-085A-494C-B839-1E0962EE5DB0}"
EndProject
Project("{FAE04EC0-301F-11D3-BF4B-00C04F79EFBC}") = "Contact.API.Models", "Services\ContactAPI\Contact.API.Models\Contact.API.Models.csproj", "{1C3A3756-3E6B-4FCA-AE93-5213DCDE1E43}"
EndProject
Project("{FAE04EC0-301F-11D3-BF4B-00C04F79EFBC}") = "Contact.API.Services", "Services\ContactAPI\Contact.API.Services\Contact.API.Services.csproj", "{DAE9652D-1D02-44A5-813A-842CD43229B6}"
EndProject
Project("{FAE04EC0-301F-11D3-BF4B-00C04F79EFBC}") = "Reservation.API.Infrastructure", "Services\RestAPI\Reservartion.API.Infrastructure\Reservation.API.Infrastructure.csproj", "{4CCEA195-8B81-4EFB-BBD2-3EB32402CF85}"
EndProject
Project("{FAE04EC0-301F-11D3-BF4B-00C04F79EFBC}") = "Reservation.API.Services", "Services\RestAPI\Reservation.API.Services\Reservation.API.Services.csproj", "{D79EBE08-4CC1-4C53-82BD-D8F7AE9EB51D}"
EndProject
Project("{FAE04EC0-301F-11D3-BF4B-00C04F79EFBC}") = "Reservation.API.Models", "Services\RestAPI\Reservation.API.Models\Reservation.API.Models.csproj", "{AFF7091B-CC93-41CB-844E-0CCBBF6E0626}"
EndProject
Global
	GlobalSection(SolutionConfigurationPlatforms) = preSolution
		Debug|Any CPU = Debug|Any CPU
		Release|Any CPU = Release|Any CPU
	EndGlobalSection
	GlobalSection(ProjectConfigurationPlatforms) = postSolution
		{A24A10D4-79F8-4907-8F44-4C47AD5971D5}.Debug|Any CPU.ActiveCfg = Debug|Any CPU
		{A24A10D4-79F8-4907-8F44-4C47AD5971D5}.Debug|Any CPU.Build.0 = Debug|Any CPU
		{A24A10D4-79F8-4907-8F44-4C47AD5971D5}.Release|Any CPU.ActiveCfg = Release|Any CPU
		{A24A10D4-79F8-4907-8F44-4C47AD5971D5}.Release|Any CPU.Build.0 = Release|Any CPU
		{1B75B10E-17B8-44AD-A685-F9F00D4C2537}.Debug|Any CPU.ActiveCfg = Debug|Any CPU
		{1B75B10E-17B8-44AD-A685-F9F00D4C2537}.Debug|Any CPU.Build.0 = Debug|Any CPU
		{1B75B10E-17B8-44AD-A685-F9F00D4C2537}.Release|Any CPU.ActiveCfg = Release|Any CPU
		{1B75B10E-17B8-44AD-A685-F9F00D4C2537}.Release|Any CPU.Build.0 = Release|Any CPU
		{B7517365-C145-4CB6-A67D-A80C6E0C9767}.Debug|Any CPU.ActiveCfg = Debug|Any CPU
		{B7517365-C145-4CB6-A67D-A80C6E0C9767}.Debug|Any CPU.Build.0 = Debug|Any CPU
		{B7517365-C145-4CB6-A67D-A80C6E0C9767}.Release|Any CPU.ActiveCfg = Release|Any CPU
		{B7517365-C145-4CB6-A67D-A80C6E0C9767}.Release|Any CPU.Build.0 = Release|Any CPU
		{C33E5AEC-085A-494C-B839-1E0962EE5DB0}.Debug|Any CPU.ActiveCfg = Debug|Any CPU
		{C33E5AEC-085A-494C-B839-1E0962EE5DB0}.Debug|Any CPU.Build.0 = Debug|Any CPU
		{C33E5AEC-085A-494C-B839-1E0962EE5DB0}.Release|Any CPU.ActiveCfg = Release|Any CPU
		{C33E5AEC-085A-494C-B839-1E0962EE5DB0}.Release|Any CPU.Build.0 = Release|Any CPU
		{1C3A3756-3E6B-4FCA-AE93-5213DCDE1E43}.Debug|Any CPU.ActiveCfg = Debug|Any CPU
		{1C3A3756-3E6B-4FCA-AE93-5213DCDE1E43}.Debug|Any CPU.Build.0 = Debug|Any CPU
		{1C3A3756-3E6B-4FCA-AE93-5213DCDE1E43}.Release|Any CPU.ActiveCfg = Release|Any CPU
		{1C3A3756-3E6B-4FCA-AE93-5213DCDE1E43}.Release|Any CPU.Build.0 = Release|Any CPU
		{DAE9652D-1D02-44A5-813A-842CD43229B6}.Debug|Any CPU.ActiveCfg = Debug|Any CPU
		{DAE9652D-1D02-44A5-813A-842CD43229B6}.Debug|Any CPU.Build.0 = Debug|Any CPU
		{DAE9652D-1D02-44A5-813A-842CD43229B6}.Release|Any CPU.ActiveCfg = Release|Any CPU
		{DAE9652D-1D02-44A5-813A-842CD43229B6}.Release|Any CPU.Build.0 = Release|Any CPU
		{4CCEA195-8B81-4EFB-BBD2-3EB32402CF85}.Debug|Any CPU.ActiveCfg = Debug|Any CPU
		{4CCEA195-8B81-4EFB-BBD2-3EB32402CF85}.Debug|Any CPU.Build.0 = Debug|Any CPU
		{4CCEA195-8B81-4EFB-BBD2-3EB32402CF85}.Release|Any CPU.ActiveCfg = Release|Any CPU
		{4CCEA195-8B81-4EFB-BBD2-3EB32402CF85}.Release|Any CPU.Build.0 = Release|Any CPU
		{D79EBE08-4CC1-4C53-82BD-D8F7AE9EB51D}.Debug|Any CPU.ActiveCfg = Debug|Any CPU
		{D79EBE08-4CC1-4C53-82BD-D8F7AE9EB51D}.Debug|Any CPU.Build.0 = Debug|Any CPU
		{D79EBE08-4CC1-4C53-82BD-D8F7AE9EB51D}.Release|Any CPU.ActiveCfg = Release|Any CPU
		{D79EBE08-4CC1-4C53-82BD-D8F7AE9EB51D}.Release|Any CPU.Build.0 = Release|Any CPU
		{AFF7091B-CC93-41CB-844E-0CCBBF6E0626}.Debug|Any CPU.ActiveCfg = Debug|Any CPU
		{AFF7091B-CC93-41CB-844E-0CCBBF6E0626}.Debug|Any CPU.Build.0 = Debug|Any CPU
		{AFF7091B-CC93-41CB-844E-0CCBBF6E0626}.Release|Any CPU.ActiveCfg = Release|Any CPU
		{AFF7091B-CC93-41CB-844E-0CCBBF6E0626}.Release|Any CPU.Build.0 = Release|Any CPU
	EndGlobalSection
	GlobalSection(SolutionProperties) = preSolution
		HideSolutionNode = FALSE
	EndGlobalSection
	GlobalSection(NestedProjects) = preSolution
		{1B75B10E-17B8-44AD-A685-F9F00D4C2537} = {DC09A00C-7DA7-49FD-BC8E-90D88235D35D}
		{B7517365-C145-4CB6-A67D-A80C6E0C9767} = {143A57C6-B42D-4512-BF94-95714F8599E3}
		{DC09A00C-7DA7-49FD-BC8E-90D88235D35D} = {B2477F9E-3915-486B-98E4-6339D4BFD13D}
		{143A57C6-B42D-4512-BF94-95714F8599E3} = {B2477F9E-3915-486B-98E4-6339D4BFD13D}
		{C33E5AEC-085A-494C-B839-1E0962EE5DB0} = {DC09A00C-7DA7-49FD-BC8E-90D88235D35D}
		{1C3A3756-3E6B-4FCA-AE93-5213DCDE1E43} = {DC09A00C-7DA7-49FD-BC8E-90D88235D35D}
		{DAE9652D-1D02-44A5-813A-842CD43229B6} = {DC09A00C-7DA7-49FD-BC8E-90D88235D35D}
		{4CCEA195-8B81-4EFB-BBD2-3EB32402CF85} = {143A57C6-B42D-4512-BF94-95714F8599E3}
		{D79EBE08-4CC1-4C53-82BD-D8F7AE9EB51D} = {143A57C6-B42D-4512-BF94-95714F8599E3}
		{AFF7091B-CC93-41CB-844E-0CCBBF6E0626} = {143A57C6-B42D-4512-BF94-95714F8599E3}
	EndGlobalSection
	GlobalSection(ExtensibilityGlobals) = postSolution
		SolutionGuid = {C465159F-9C17-4313-B342-D878C2C9C09F}
	EndGlobalSection
EndGlobal
